<?xml version="1.0" encoding="utf-8"?>
<Project ToolsVersion="4.0" xmlns="http://schemas.microsoft.com/developer/msbuild/2003">
  <ItemGroup>
    <Filter Include="Project">
      <UniqueIdentifier>{b6cfa1df-9916-48ad-8c18-f653946103ba}</UniqueIdentifier>
    </Filter>
    <Filter Include="Project\GameManager">
      <UniqueIdentifier>{6783ae0e-f5a0-4867-a365-1d65f9d0e07e}</UniqueIdentifier>
    </Filter>
    <Filter Include="External">
      <UniqueIdentifier>{14a915d2-8493-4c0a-a515-545fd5a67d14}</UniqueIdentifier>
    </Filter>
    <Filter Include="Text">
      <UniqueIdentifier>{86ea6656-3c90-41a3-872c-722ea8f63729}</UniqueIdentifier>
    </Filter>
    <Filter Include="YTEngine">
      <UniqueIdentifier>{abdf560c-0a11-4c32-b8f0-948d3e3b2874}</UniqueIdentifier>
    </Filter>
    <Filter Include="YTEngine\Resource File">
      <UniqueIdentifier>{67DA6AB6-F800-4c08-8B7A-83BB121AAD01}</UniqueIdentifier>
      <Extensions>rc;ico;cur;bmp;dlg;rc2;rct;bin;rgs;gif;jpg;jpeg;jpe;resx;tiff;tif;png;wav;mfcribbon-ms</Extensions>
    </Filter>
    <Filter Include="YTEngine\Resource File\Object2d">
      <UniqueIdentifier>{4ce80b78-a1ee-4775-a383-6c321fe1a91b}</UniqueIdentifier>
    </Filter>
    <Filter Include="YTEngine\Resource File\Object3d">
      <UniqueIdentifier>{50a3e48e-01ba-4cc1-95a6-f0f6473efa6c}</UniqueIdentifier>
    </Filter>
    <Filter Include="YTEngine\Resource File\Object3d\SkinningObject3D">
      <UniqueIdentifier>{787ef094-af7b-4197-b31c-b8867e74d3ce}</UniqueIdentifier>
    </Filter>
    <Filter Include="YTEngine\Resource File\Particle3D">
      <UniqueIdentifier>{b41805c9-84ac-4738-9010-423926ba4b89}</UniqueIdentifier>
    </Filter>
    <Filter Include="YTEngine\Resource File\AnimationObject3D">
      <UniqueIdentifier>{9eccab60-4ff5-457b-9904-6ce6fe4d5a63}</UniqueIdentifier>
    </Filter>
    <Filter Include="Network">
      <UniqueIdentifier>{e4d74e22-2c86-4e8d-8a7a-ba992953779d}</UniqueIdentifier>
    </Filter>
    <Filter Include="Resource">
      <UniqueIdentifier>{0f8f5c2d-7fe3-4027-8e76-750318ce4cb9}</UniqueIdentifier>
    </Filter>
    <Filter Include="Project\Game">
      <UniqueIdentifier>{d00a8998-a08f-48ce-850f-96c0eddb4980}</UniqueIdentifier>
    </Filter>
    <Filter Include="Resource\Shader">
      <UniqueIdentifier>{cf1bbf0c-c404-464a-8e1b-4227d28f70fb}</UniqueIdentifier>
    </Filter>
    <Filter Include="YTEngine\Audio">
      <UniqueIdentifier>{4e9ce233-b84c-4858-95a3-08d752302d12}</UniqueIdentifier>
    </Filter>
    <Filter Include="Project\Game\GameObject">
      <UniqueIdentifier>{95d66486-6e75-454a-84ec-7b286277c70a}</UniqueIdentifier>
    </Filter>
    <Filter Include="Project\Game\GameObject\Player">
      <UniqueIdentifier>{c7b7e4f3-3cbb-4ae9-b80f-87e5954cef79}</UniqueIdentifier>
    </Filter>
    <Filter Include="Project\Game\GameObject\Stage">
      <UniqueIdentifier>{a48dfd09-0a1a-470e-b450-0a3fcb2a24e1}</UniqueIdentifier>
    </Filter>
    <Filter Include="YTEngine\Line">
      <UniqueIdentifier>{b1abbd72-e034-40af-8af7-9078ee6eac4c}</UniqueIdentifier>
    </Filter>
    <Filter Include="YTEngine\Camera">
      <UniqueIdentifier>{87a8506f-b468-4ee9-a25f-edaaa2092b76}</UniqueIdentifier>
    </Filter>
    <Filter Include="YTEngine\Manager">
      <UniqueIdentifier>{3843d394-1415-4d74-a180-2e7806e3ddf5}</UniqueIdentifier>
    </Filter>
    <Filter Include="YTEngine\Graphics">
      <UniqueIdentifier>{7d6b79d6-b619-47a8-8605-e65a4fad754b}</UniqueIdentifier>
    </Filter>
    <Filter Include="YTEngine\Graphics\2D">
      <UniqueIdentifier>{83900f6e-9ffb-4fd9-992c-e68b69015b2e}</UniqueIdentifier>
    </Filter>
    <Filter Include="YTEngine\Graphics\3D">
      <UniqueIdentifier>{f7f05086-715d-489d-9568-38cf742858b0}</UniqueIdentifier>
    </Filter>
    <Filter Include="YTEngine\Graphics\3D\Particle">
      <UniqueIdentifier>{d3eb6c6b-887b-4ad2-b25a-d06e1be2d5be}</UniqueIdentifier>
    </Filter>
    <Filter Include="YTEngine\Graphics\3D\Sphere">
      <UniqueIdentifier>{e202b27b-4fd4-47d6-917f-053ff7d7086c}</UniqueIdentifier>
    </Filter>
    <Filter Include="YTEngine\Graphics\3D\Model">
      <UniqueIdentifier>{fafdcfea-8c0f-4b2e-a2c4-892975276f5f}</UniqueIdentifier>
    </Filter>
    <Filter Include="YTEngine\Graphics\3D\Particle3DManager">
      <UniqueIdentifier>{d8dd8122-9282-4dc5-83dd-13e2bca63bf8}</UniqueIdentifier>
    </Filter>
    <Filter Include="YTEngine\Graphics\3D\AnimationModel">
      <UniqueIdentifier>{305d7fc5-1fb5-4be1-a271-b6c4eaa923b9}</UniqueIdentifier>
    </Filter>
    <Filter Include="YTEngine\DirectXCommon">
      <UniqueIdentifier>{489343cf-64f2-4e1a-99e3-9a53fd5598b4}</UniqueIdentifier>
    </Filter>
    <Filter Include="YTEngine\Conversion">
      <UniqueIdentifier>{88525f3c-706e-4397-b214-f9c6099be35f}</UniqueIdentifier>
    </Filter>
    <Filter Include="YTEngine\Input">
      <UniqueIdentifier>{bd6a7a20-7921-47f1-a1ef-c5a99c26491a}</UniqueIdentifier>
    </Filter>
    <Filter Include="YTEngine\Lighting">
      <UniqueIdentifier>{6894304a-98cd-4168-b852-c62f99047467}</UniqueIdentifier>
    </Filter>
    <Filter Include="YTEngine\Math">
      <UniqueIdentifier>{b543a5c7-1ed6-4ca8-ac06-3165a71162a0}</UniqueIdentifier>
    </Filter>
    <Filter Include="YTEngine\Math\Vector">
      <UniqueIdentifier>{aaf74c02-09fc-4fb3-8841-c46e52af7448}</UniqueIdentifier>
    </Filter>
    <Filter Include="YTEngine\Math\Matrix">
      <UniqueIdentifier>{979fd626-d0ee-4f17-8e46-8c4d9e8a2bb9}</UniqueIdentifier>
    </Filter>
    <Filter Include="YTEngine\Math\Shape">
      <UniqueIdentifier>{4de1d903-5e8b-49b9-b9c0-f0d9591a86c2}</UniqueIdentifier>
    </Filter>
    <Filter Include="YTEngine\ModelManager">
      <UniqueIdentifier>{3d3be091-044e-42b8-93ea-7d8380a25a1b}</UniqueIdentifier>
    </Filter>
    <Filter Include="YTEngine\Pipeline">
      <UniqueIdentifier>{960690e0-f2d3-4f0a-a7e9-81f206ff3f49}</UniqueIdentifier>
    </Filter>
    <Filter Include="YTEngine\ResourceManager">
      <UniqueIdentifier>{923fe313-40bb-48ce-aa0b-eb17ee0b5333}</UniqueIdentifier>
    </Filter>
    <Filter Include="YTEngine\utility">
      <UniqueIdentifier>{593742ff-9b1a-49e4-bf3a-0ae597972815}</UniqueIdentifier>
    </Filter>
    <Filter Include="YTEngine\utility\GlobalVariables">
      <UniqueIdentifier>{790ca7fe-3aed-4cdc-bdf7-edc3fdacdae6}</UniqueIdentifier>
    </Filter>
    <Filter Include="YTEngine\utility\JsonLoader">
      <UniqueIdentifier>{e5dea1ee-d773-4f03-a072-bb5f78f61c74}</UniqueIdentifier>
    </Filter>
    <Filter Include="YTEngine\ImGui">
      <UniqueIdentifier>{14d4744c-9636-4620-8765-10b4ee6446ea}</UniqueIdentifier>
    </Filter>
    <Filter Include="Project\GameScene">
      <UniqueIdentifier>{e3a0acb5-08b3-41f0-a41e-4357a3698e46}</UniqueIdentifier>
    </Filter>
  </ItemGroup>
  <ItemGroup>
    <ClCompile Include="Project\Game\GameManager\GameManager.cpp">
      <Filter>Project\GameManager</Filter>
    </ClCompile>
    <ClCompile Include="Project\Game\GameScene\GameScene.cpp">
      <Filter>Project\GameScene</Filter>
    </ClCompile>
    <ClCompile Include="YTEngine\Camera\Camera.cpp">
      <Filter>YTEngine\Camera</Filter>
    </ClCompile>
    <ClCompile Include="YTEngine\Audio\Audio.cpp">
      <Filter>YTEngine\Audio</Filter>
    </ClCompile>
    <ClCompile Include="Project\Game\GameScene\ClearScene.cpp">
      <Filter>Project\GameScene</Filter>
    </ClCompile>
    <ClCompile Include="Project\Game\GameScene\SelectScene.cpp">
      <Filter>Project\GameScene</Filter>
    </ClCompile>
    <ClCompile Include="Project\Game\GameScene\TitleScene.cpp">
      <Filter>Project\GameScene</Filter>
    </ClCompile>
    <ClCompile Include="Project\Game\GameObject\Player\Player.cpp">
      <Filter>Project\Game\GameObject\Player</Filter>
    </ClCompile>
    <ClCompile Include="Project\Game\GameObject\Stage\Stage.cpp">
      <Filter>Project\Game\GameObject\Stage</Filter>
    </ClCompile>
    <ClCompile Include="YTEngine\Line\Line.cpp">
      <Filter>YTEngine\Line</Filter>
    </ClCompile>
    <ClCompile Include="YTEngine\Manager\AnimationManager\AnimationManager.cpp">
      <Filter>YTEngine\Manager</Filter>
    </ClCompile>
    <ClCompile Include="YTEngine\EngineCore\DirectXCommon\DirectXCommon.cpp">
      <Filter>YTEngine\DirectXCommon</Filter>
    </ClCompile>
    <ClCompile Include="YTEngine\EngineCore\WinApp\WinApp.cpp">
      <Filter>YTEngine\DirectXCommon</Filter>
    </ClCompile>
    <ClCompile Include="YTEngine\Conversion\CompileShader\CompileShaderManager.cpp">
      <Filter>YTEngine\Conversion</Filter>
    </ClCompile>
    <ClCompile Include="YTEngine\Conversion\ConvertColor\ConvertColor.cpp">
      <Filter>YTEngine\Conversion</Filter>
    </ClCompile>
    <ClCompile Include="YTEngine\Conversion\ConvertLog\ConvertLog.cpp">
      <Filter>YTEngine\Conversion</Filter>
    </ClCompile>
    <ClCompile Include="YTEngine\EngineCore\ImGuiManager\ImGuiManager.cpp">
      <Filter>YTEngine\ImGui</Filter>
    </ClCompile>
    <ClCompile Include="YTEngine\Input\Input.cpp">
      <Filter>YTEngine\Input</Filter>
    </ClCompile>
    <ClCompile Include="YTEngine\Graphics\3D\ModelManager\Animation.cpp">
      <Filter>YTEngine\ModelManager</Filter>
    </ClCompile>
    <ClCompile Include="YTEngine\Graphics\3D\ModelManager\Joint.cpp">
      <Filter>YTEngine\ModelManager</Filter>
    </ClCompile>
    <ClCompile Include="YTEngine\Graphics\3D\ModelManager\ModelManager.cpp">
      <Filter>YTEngine\ModelManager</Filter>
    </ClCompile>
    <ClCompile Include="YTEngine\Graphics\3D\ModelManager\ReadNode.cpp">
      <Filter>YTEngine\ModelManager</Filter>
    </ClCompile>
    <ClCompile Include="YTEngine\Graphics\3D\ModelManager\Skeleton.cpp">
      <Filter>YTEngine\ModelManager</Filter>
    </ClCompile>
    <ClCompile Include="YTEngine\Graphics\3D\ModelManager\SkinCluster.cpp">
      <Filter>YTEngine\ModelManager</Filter>
    </ClCompile>
    <ClCompile Include="YTEngine\Math\Matrix\Calculation\Matrix4x4Calculation.cpp">
      <Filter>YTEngine\Math\Matrix</Filter>
    </ClCompile>
    <ClCompile Include="YTEngine\Math\Quaternion\Quaternion.cpp">
      <Filter>YTEngine\Math</Filter>
    </ClCompile>
    <ClCompile Include="YTEngine\Math\Vector\Calculation\VectorCalculation.cpp">
      <Filter>YTEngine\Math\Vector</Filter>
    </ClCompile>
    <ClCompile Include="YTEngine\Math\WorldTransform\WorldTransform.cpp">
      <Filter>YTEngine\Math</Filter>
    </ClCompile>
    <ClCompile Include="YTEngine\Graphics\2D\Sprite\Sprite.cpp">
      <Filter>YTEngine\Graphics\2D</Filter>
    </ClCompile>
    <ClCompile Include="YTEngine\Graphics\2D\Triangle\Triangle.cpp">
      <Filter>YTEngine\Graphics\2D</Filter>
    </ClCompile>
    <ClCompile Include="YTEngine\Graphics\3D\Model\Model.cpp">
      <Filter>YTEngine\Graphics\3D\Model</Filter>
    </ClCompile>
    <ClCompile Include="YTEngine\Graphics\3D\Particle3D\Particle3D.cpp">
      <Filter>YTEngine\Graphics\3D\Particle</Filter>
    </ClCompile>
    <ClCompile Include="YTEngine\Graphics\3D\Particle3DManager\Particle3DManager.cpp">
      <Filter>YTEngine\Graphics\3D\Particle3DManager</Filter>
    </ClCompile>
    <ClCompile Include="YTEngine\Graphics\3D\Sphere\Sphere.cpp">
      <Filter>YTEngine\Graphics\3D\Sphere</Filter>
    </ClCompile>
    <ClCompile Include="YTEngine\ResourceManager\SrvManager\SrvManager.cpp">
      <Filter>YTEngine\ResourceManager</Filter>
    </ClCompile>
    <ClCompile Include="YTEngine\ResourceManager\TextureManager\TextureManager.cpp">
      <Filter>YTEngine\ResourceManager</Filter>
    </ClCompile>
    <ClCompile Include="YTEngine\Math\Collision\Collision.cpp">
      <Filter>YTEngine\Math</Filter>
    </ClCompile>
    <ClCompile Include="YTEngine\Utility\GlobalVariables\GlobalVariables.cpp">
      <Filter>YTEngine\utility\GlobalVariables</Filter>
    </ClCompile>
    <ClCompile Include="YTEngine\Utility\JsonLoader\JsonLoader.cpp">
      <Filter>YTEngine\utility\JsonLoader</Filter>
    </ClCompile>
    <ClCompile Include="YTEngine\EngineCore\YTEngine\YTEngine.cpp">
      <Filter>YTEngine\DirectXCommon</Filter>
    </ClCompile>
    <ClCompile Include="YTEngine\ResourceManager\PipelineManager\PipelineManager.cpp">
      <Filter>YTEngine\ResourceManager</Filter>
    </ClCompile>
    <ClCompile Include="YTEngine\Graphics\3D\AnimationModel\AnimationModel.cpp">
      <Filter>YTEngine\Manager</Filter>
    </ClCompile>
    <ClCompile Include="YTEngine\main.cpp">
      <Filter>YTEngine</Filter>
    </ClCompile>
    <ClCompile Include="Project\Game\GameScene\TestScene.cpp" />
    <ClCompile Include="Project\Game\GameObject\Player\PlayerTest.cpp" />
    <ClCompile Include="Project\Game\GameObject\Player\Player2.cpp" />
    <ClCompile Include="Project\Game\NetworkManager\NetworkManager.cpp" />
  </ItemGroup>
  <ItemGroup>
    <FxCompile Include="Resources\Shader\Particle3D\Particle3d.PS.hlsl">
      <Filter>YTEngine\Resource File\Particle3D</Filter>
    </FxCompile>
    <FxCompile Include="Resources\Shader\Particle3D\Particle3d.VS.hlsl">
      <Filter>YTEngine\Resource File\Particle3D</Filter>
    </FxCompile>
    <FxCompile Include="Resources\Shader\Object2D\Object2d.PS.hlsl">
      <Filter>YTEngine\Resource File\Object2d</Filter>
    </FxCompile>
    <FxCompile Include="Resources\Shader\Object2D\Object2d.VS.hlsl">
      <Filter>YTEngine\Resource File\Object2d</Filter>
    </FxCompile>
    <FxCompile Include="Resources\Shader\Object3D\Object3d.PS.hlsl">
      <Filter>YTEngine\Resource File\Object3d</Filter>
    </FxCompile>
    <FxCompile Include="Resources\Shader\Object3D\Object3d.VS.hlsl">
      <Filter>YTEngine\Resource File\Object3d</Filter>
    </FxCompile>
    <FxCompile Include="Resources\Shader\AnimationObject3D\AnimationObject3D.PS.hlsl">
      <Filter>YTEngine\Resource File\AnimationObject3D</Filter>
    </FxCompile>
    <FxCompile Include="Resources\Shader\AnimationObject3D\AnimationObject3D.VS.hlsl">
      <Filter>YTEngine\Resource File\AnimationObject3D</Filter>
    </FxCompile>
    <FxCompile Include="Resources\Shader\Line\Line.PS.hlsl">
      <Filter>Resource\Shader</Filter>
    </FxCompile>
    <FxCompile Include="Resources\Shader\Line\Line.VS.hlsl">
      <Filter>Resource\Shader</Filter>
    </FxCompile>
  </ItemGroup>
  <ItemGroup>
    <ClInclude Include="YTEngine\Math\Vector\Vector3.h">
      <Filter>YTEngine\Math\Vector</Filter>
    </ClInclude>
    <ClInclude Include="YTEngine\Math\Vector\Vector4.h">
      <Filter>YTEngine\Math\Vector</Filter>
    </ClInclude>
    <ClInclude Include="YTEngine\Math\Matrix\Calculation\Matrix4x4Calculation.h">
      <Filter>YTEngine\Math\Matrix</Filter>
    </ClInclude>
    <ClInclude Include="YTEngine\EngineCore\ImGuiManager\ImGuiManager.h">
      <Filter>YTEngine\ImGui</Filter>
    </ClInclude>
    <ClInclude Include="YTEngine\Math\Vector\Transform.h">
      <Filter>YTEngine\Math\Vector</Filter>
    </ClInclude>
    <ClInclude Include="YTEngine\Math\Vector\Calculation\VectorCalculation.h">
      <Filter>YTEngine\Math\Vector</Filter>
    </ClInclude>
    <ClInclude Include="YTEngine\Math\Vector\Vector2.h">
      <Filter>YTEngine\Math\Vector</Filter>
    </ClInclude>
    <ClInclude Include="YTEngine\Math\Vector\VertexData.h">
      <Filter>YTEngine\Math\Vector</Filter>
    </ClInclude>
    <ClInclude Include="YTEngine\Math\Vector\Material.h">
      <Filter>YTEngine\Math\Vector</Filter>
    </ClInclude>
    <ClInclude Include="YTEngine\Math\Vector\DirectionalLight.h">
      <Filter>YTEngine\Math\Vector</Filter>
    </ClInclude>
    <ClInclude Include="YTEngine\EngineCore\DirectXCommon\DirectXCommon.h">
      <Filter>YTEngine\DirectXCommon</Filter>
    </ClInclude>
    <ClInclude Include="YTEngine\Conversion\CompileShader\CompileShaderManager.h">
      <Filter>YTEngine\Conversion</Filter>
    </ClInclude>
    <ClInclude Include="YTEngine\Input\Input.h">
      <Filter>YTEngine\Input</Filter>
    </ClInclude>
    <ClInclude Include="YTEngine\ResourceManager\TextureManager\TextureManager.h">
      <Filter>YTEngine\ResourceManager</Filter>
    </ClInclude>
    <ClInclude Include="YTEngine\EngineCore\WinApp\WinApp.h">
      <Filter>YTEngine\DirectXCommon</Filter>
    </ClInclude>
    <ClInclude Include="Project\Game\GameManager\GameManager.h">
      <Filter>Project\GameManager</Filter>
    </ClInclude>
    <ClInclude Include="Project\Game\GameScene\GameScene.h">
      <Filter>Project\GameScene</Filter>
    </ClInclude>
    <ClInclude Include="YTEngine\ResourceManager\PipelineManager\PipelineManager.h">
      <Filter>YTEngine\Pipeline</Filter>
    </ClInclude>
    <ClInclude Include="YTEngine\Graphics\3D\Particle3D\Particle.h">
      <Filter>YTEngine\Graphics\3D\Particle</Filter>
    </ClInclude>
    <ClInclude Include="YTEngine\Graphics\3D\Particle3D\Particle3D.h">
      <Filter>YTEngine\Graphics\3D\Particle</Filter>
    </ClInclude>
    <ClInclude Include="YTEngine\Math\Matrix\Matrix3x3.h">
      <Filter>YTEngine\Math\Matrix</Filter>
    </ClInclude>
    <ClInclude Include="YTEngine\Math\Matrix\Matrix4x4.h">
      <Filter>YTEngine\Math\Matrix</Filter>
    </ClInclude>
    <ClInclude Include="YTEngine\Math\Matrix\TransformationMatrix.h">
      <Filter>YTEngine\Math\Matrix</Filter>
    </ClInclude>
    <ClInclude Include="YTEngine\Conversion\ConvertLog\ConvertLog.h">
      <Filter>YTEngine\Conversion</Filter>
    </ClInclude>
    <ClInclude Include="YTEngine\Conversion\ConvertColor\ConvertColor.h">
      <Filter>YTEngine\Conversion</Filter>
    </ClInclude>
    <ClInclude Include="YTEngine\Graphics\2D\Sprite\Sprite.h">
      <Filter>YTEngine\Graphics\2D</Filter>
    </ClInclude>
    <ClInclude Include="YTEngine\Graphics\3D\Sphere\Sphere.h">
      <Filter>YTEngine\Graphics\3D\Sphere</Filter>
    </ClInclude>
    <ClInclude Include="YTEngine\Graphics\2D\Triangle\Triangle.h">
      <Filter>YTEngine\Graphics\2D</Filter>
    </ClInclude>
    <ClInclude Include="YTEngine\Graphics\3D\Model\Model.h">
      <Filter>YTEngine\Graphics\3D\Model</Filter>
    </ClInclude>
    <ClInclude Include="YTEngine\Graphics\3D\Particle3D\AccelerationField.h">
      <Filter>YTEngine\Graphics\3D\Particle</Filter>
    </ClInclude>
    <ClInclude Include="YTEngine\Math\Shape\AABB.h">
      <Filter>YTEngine\Math\Shape</Filter>
    </ClInclude>
    <ClInclude Include="YTEngine\Math\WorldTransform\WorldTransform.h">
      <Filter>YTEngine\Math</Filter>
    </ClInclude>
    <ClInclude Include="YTEngine\Lighting\PointLight.h">
      <Filter>YTEngine\Lighting</Filter>
    </ClInclude>
    <ClInclude Include="YTEngine\Lighting\SpotLight.h">
      <Filter>YTEngine\Lighting</Filter>
    </ClInclude>
    <ClInclude Include="YTEngine\Graphics\3D\ModelManager\ModelManager.h">
      <Filter>YTEngine\ModelManager</Filter>
    </ClInclude>
    <ClInclude Include="YTEngine\Graphics\3D\Particle3DManager\Particle3DManager.h">
      <Filter>YTEngine\Graphics\3D\Particle3DManager</Filter>
    </ClInclude>
    <ClInclude Include="YTEngine\Math\Quaternion\Quaternion.h">
      <Filter>YTEngine\Math</Filter>
    </ClInclude>
    <ClInclude Include="External\nlohmann\json_fwd.hpp">
      <Filter>External</Filter>
    </ClInclude>
    <ClInclude Include="External\nlohmann\json.hpp">
      <Filter>External</Filter>
    </ClInclude>
    <ClInclude Include="YTEngine\Math\Shape\SphereShape.h">
      <Filter>YTEngine\Math\Shape</Filter>
    </ClInclude>
    <ClInclude Include="YTEngine\Graphics\3D\MaterialData\MaterialData.h">
      <Filter>YTEngine\Graphics\3D</Filter>
    </ClInclude>
    <ClInclude Include="YTEngine\Utility\GlobalVariables\GlobalVariables.h">
      <Filter>YTEngine\utility\GlobalVariables</Filter>
    </ClInclude>
    <ClInclude Include="YTEngine\Graphics\3D\ModelManager\Node.h">
      <Filter>YTEngine\ModelManager</Filter>
    </ClInclude>
    <ClInclude Include="YTEngine\Graphics\3D\ModelManager\ReadNode.h">
      <Filter>YTEngine\ModelManager</Filter>
    </ClInclude>
    <ClInclude Include="YTEngine\Graphics\3D\ModelManager\KeyFrame.h">
      <Filter>YTEngine\ModelManager</Filter>
    </ClInclude>
    <ClInclude Include="YTEngine\Graphics\3D\ModelManager\NodeAnimation.h">
      <Filter>YTEngine\ModelManager</Filter>
    </ClInclude>
    <ClInclude Include="YTEngine\Graphics\3D\ModelManager\Animation.h">
      <Filter>YTEngine\ModelManager</Filter>
    </ClInclude>
    <ClInclude Include="YTEngine\Math\Transform\EulerTransform.h">
      <Filter>YTEngine\Math</Filter>
    </ClInclude>
    <ClInclude Include="YTEngine\Math\Transform\QuaternionTransform.h">
      <Filter>YTEngine\Math</Filter>
    </ClInclude>
    <ClInclude Include="YTEngine\Graphics\3D\ModelManager\Joint.h">
      <Filter>YTEngine\ModelManager</Filter>
    </ClInclude>
    <ClInclude Include="YTEngine\Graphics\3D\ModelManager\Skeleton.h">
      <Filter>YTEngine\ModelManager</Filter>
    </ClInclude>
    <ClInclude Include="YTEngine\Graphics\3D\ModelManager\VertexWeightData.h">
      <Filter>YTEngine\ModelManager</Filter>
    </ClInclude>
    <ClInclude Include="YTEngine\Graphics\3D\ModelManager\JoinWeightData.h">
      <Filter>YTEngine\ModelManager</Filter>
    </ClInclude>
    <ClInclude Include="YTEngine\Graphics\3D\ModelManager\ModelData.h">
      <Filter>YTEngine\ModelManager</Filter>
    </ClInclude>
    <ClInclude Include="YTEngine\Graphics\3D\ModelManager\SkinCluster.h">
      <Filter>YTEngine\ModelManager</Filter>
    </ClInclude>
    <ClInclude Include="YTEngine\Graphics\3D\ModelManager\VertexInfluence.h">
      <Filter>YTEngine\ModelManager</Filter>
    </ClInclude>
    <ClInclude Include="YTEngine\Graphics\3D\ModelManager\WellForGPU.h">
      <Filter>YTEngine\ModelManager</Filter>
    </ClInclude>
    <ClInclude Include="YTEngine\Lighting\LightingType.h">
      <Filter>YTEngine\Lighting</Filter>
    </ClInclude>
    <ClInclude Include="Project\Game\GameManager\IGameScene.h">
      <Filter>Project\GameManager</Filter>
    </ClInclude>
    <ClInclude Include="YTEngine\Audio\Audio.h">
      <Filter>YTEngine\Audio</Filter>
    </ClInclude>
    <ClInclude Include="YTEngine\Camera\Camera.h">
      <Filter>YTEngine\Camera</Filter>
    </ClInclude>
    <ClInclude Include="YTEngine\Manager\AnimationManager\AnimationManager.h">
      <Filter>YTEngine\Manager</Filter>
    </ClInclude>
    <ClInclude Include="Project\Game\GameScene\SelectScene.h">
      <Filter>Project\GameScene</Filter>
    </ClInclude>
    <ClInclude Include="Project\Game\GameScene\ClearScene.h">
      <Filter>Project\GameScene</Filter>
    </ClInclude>
    <ClInclude Include="Project\Game\GameObject\Player\Player.h">
      <Filter>Project\Game\GameObject\Player</Filter>
    </ClInclude>
    <ClInclude Include="Project\Game\GameObject\Stage\Stage.h">
      <Filter>Project\Game\GameObject\Stage</Filter>
    </ClInclude>
    <ClInclude Include="YTEngine\EngineCore\YTEngine\YTEngine.h">
      <Filter>YTEngine\DirectXCommon</Filter>
    </ClInclude>
    <ClInclude Include="YTEngine\ResourceManager\SrvManager\SrvManager.h">
      <Filter>YTEngine\ResourceManager</Filter>
    </ClInclude>
    <ClInclude Include="YTEngine\Audio\AudioStruct.h">
      <Filter>YTEngine\Audio</Filter>
    </ClInclude>
    <ClInclude Include="Project\Game\GameScene\TitleScene.h">
      <Filter>Project\GameScene</Filter>
    </ClInclude>
    <ClInclude Include="YTEngine\Utility\JsonLoader\JsonLoader.h">
      <Filter>YTEngine\utility\JsonLoader</Filter>
    </ClInclude>
    <ClInclude Include="YTEngine\Line\Line.h">
      <Filter>YTEngine\Line</Filter>
    </ClInclude>
    <ClInclude Include="YTEngine\Math\Collision\Collision.h">
      <Filter>YTEngine\Math</Filter>
    </ClInclude>
    <ClInclude Include="YTEngine\Math\Shape\OBB.h">
      <Filter>YTEngine\Math</Filter>
    </ClInclude>
    <ClInclude Include="YTEngine\Graphics\3D\AnimationModel\AnimationModel.h">
      <Filter>YTEngine\Manager</Filter>
    </ClInclude>
    <ClInclude Include="Project\Game\GameScene\TestScene.h" />
    <ClInclude Include="Project\Game\GameObject\Player\PlayerTest.h" />
    <ClInclude Include="Project\Game\GameObject\Player\Player2.h" />
    <ClInclude Include="Project\Game\NetworkManager\NetworkManager.h" />
  </ItemGroup>
  <ItemGroup>
    <None Include="Resources\Shader\Particle3D\Particle3D.hlsli">
      <Filter>YTEngine\Resource File\Particle3D</Filter>
    </None>
    <None Include="Resources\Shader\Object2D\Object2d.hlsli">
      <Filter>YTEngine\Resource File\Object2d</Filter>
    </None>
    <None Include="Resources\Shader\Object3D\Object3d.hlsli">
      <Filter>YTEngine\Resource File\Object3d</Filter>
    </None>
    <None Include=".editorconfig">
      <Filter>Text</Filter>
    </None>
    <None Include=".gitattributes">
      <Filter>Text</Filter>
    </None>
    <None Include=".gitignore">
      <Filter>Text</Filter>
    </None>
    <None Include="Resources\Shader\AnimationObject3D\AnimationObject3D.hlsli">
      <Filter>YTEngine\Resource File\AnimationObject3D</Filter>
    </None>
    <None Include="Resources\Shader\Line\Line.hlsli">
      <Filter>Resource\Shader</Filter>
    </None>
  </ItemGroup>
</Project>